// !$*UTF8*$!
{
	archiveVersion = 1;
	classes = {
	};
	objectVersion = 46;
	objects = {

/* Begin PBXBuildFile section */
		9F1BF8C41FD5EF5C00BBD675 /* AVFoundation.framework in Frameworks */ = {isa = PBXBuildFile; fileRef = 9F1BF8C31FD5EF5C00BBD675 /* AVFoundation.framework */; };
		9F25BCD61FD72AE80067D82E /* TableViewController.m in Sources */ = {isa = PBXBuildFile; fileRef = 9F25BCD51FD72AE80067D82E /* TableViewController.m */; };
		9F5D422F1FC743E80028C4DC /* DataModel.m in Sources */ = {isa = PBXBuildFile; fileRef = 9F5D422E1FC743E80028C4DC /* DataModel.m */; };
		9F9422EC1FC49B7100CDC201 /* main.m in Sources */ = {isa = PBXBuildFile; fileRef = 9F9422EB1FC49B7100CDC201 /* main.m */; };
		9F9422EF1FC49B7100CDC201 /* AppDelegate.m in Sources */ = {isa = PBXBuildFile; fileRef = 9F9422EE1FC49B7100CDC201 /* AppDelegate.m */; };
		9F9422F21FC49B7100CDC201 /* ViewController.m in Sources */ = {isa = PBXBuildFile; fileRef = 9F9422F11FC49B7100CDC201 /* ViewController.m */; };
		9F9422F51FC49B7100CDC201 /* Main.storyboard in Resources */ = {isa = PBXBuildFile; fileRef = 9F9422F31FC49B7100CDC201 /* Main.storyboard */; };
		9F9422F71FC49B7100CDC201 /* Assets.xcassets in Resources */ = {isa = PBXBuildFile; fileRef = 9F9422F61FC49B7100CDC201 /* Assets.xcassets */; };
		9F9422FA1FC49B7100CDC201 /* LaunchScreen.storyboard in Resources */ = {isa = PBXBuildFile; fileRef = 9F9422F81FC49B7100CDC201 /* LaunchScreen.storyboard */; };
		9F9423051FC49B7100CDC201 /* Sequencerv2Tests.m in Sources */ = {isa = PBXBuildFile; fileRef = 9F9423041FC49B7100CDC201 /* Sequencerv2Tests.m */; };
		9F9423101FC49B7100CDC201 /* Sequencerv2UITests.m in Sources */ = {isa = PBXBuildFile; fileRef = 9F94230F1FC49B7100CDC201 /* Sequencerv2UITests.m */; };
		9FC79EEF1FDA969A0011D335 /* SampleStyle.m in Sources */ = {isa = PBXBuildFile; fileRef = 9FC79EEE1FDA969A0011D335 /* SampleStyle.m */; };
		9FC79EF61FDA96D80011D335 /* drumandbass_clap.wav in Resources */ = {isa = PBXBuildFile; fileRef = 9FC79EF01FDA96D80011D335 /* drumandbass_clap.wav */; };
		9FC79EF71FDA96D80011D335 /* drumandbass_closedhat.wav in Resources */ = {isa = PBXBuildFile; fileRef = 9FC79EF11FDA96D80011D335 /* drumandbass_closedhat.wav */; };
		9FC79EF81FDA96D80011D335 /* drumandbass_crash.wav in Resources */ = {isa = PBXBuildFile; fileRef = 9FC79EF21FDA96D80011D335 /* drumandbass_crash.wav */; };
		9FC79EF91FDA96D80011D335 /* drumandbass_kick.wav in Resources */ = {isa = PBXBuildFile; fileRef = 9FC79EF31FDA96D80011D335 /* drumandbass_kick.wav */; };
		9FC79EFA1FDA96D80011D335 /* drumandbass_openhat.wav in Resources */ = {isa = PBXBuildFile; fileRef = 9FC79EF41FDA96D80011D335 /* drumandbass_openhat.wav */; };
		9FC79EFB1FDA96D80011D335 /* drumandbass_snare.wav in Resources */ = {isa = PBXBuildFile; fileRef = 9FC79EF51FDA96D80011D335 /* drumandbass_snare.wav */; };
		9FC79F021FDA96E90011D335 /* electro_clap.wav in Resources */ = {isa = PBXBuildFile; fileRef = 9FC79EFC1FDA96E90011D335 /* electro_clap.wav */; };
		9FC79F031FDA96E90011D335 /* electro_closedhat.wav in Resources */ = {isa = PBXBuildFile; fileRef = 9FC79EFD1FDA96E90011D335 /* electro_closedhat.wav */; };
		9FC79F041FDA96E90011D335 /* electro_crash.wav in Resources */ = {isa = PBXBuildFile; fileRef = 9FC79EFE1FDA96E90011D335 /* electro_crash.wav */; };
		9FC79F051FDA96E90011D335 /* electro_kick.wav in Resources */ = {isa = PBXBuildFile; fileRef = 9FC79EFF1FDA96E90011D335 /* electro_kick.wav */; };
		9FC79F061FDA96E90011D335 /* electro_openhat.wav in Resources */ = {isa = PBXBuildFile; fileRef = 9FC79F001FDA96E90011D335 /* electro_openhat.wav */; };
		9FC79F071FDA96E90011D335 /* electro_snare.wav in Resources */ = {isa = PBXBuildFile; fileRef = 9FC79F011FDA96E90011D335 /* electro_snare.wav */; };
		9FC79F141FDA96FC0011D335 /* dubstep_clap.wav in Resources */ = {isa = PBXBuildFile; fileRef = 9FC79F0E1FDA96FC0011D335 /* dubstep_clap.wav */; };
		9FC79F151FDA96FC0011D335 /* dubstep_closedhat.wav in Resources */ = {isa = PBXBuildFile; fileRef = 9FC79F0F1FDA96FC0011D335 /* dubstep_closedhat.wav */; };
		9FC79F161FDA96FC0011D335 /* dubstep_crash.wav in Resources */ = {isa = PBXBuildFile; fileRef = 9FC79F101FDA96FC0011D335 /* dubstep_crash.wav */; };
		9FC79F171FDA96FC0011D335 /* dubstep_kick.wav in Resources */ = {isa = PBXBuildFile; fileRef = 9FC79F111FDA96FC0011D335 /* dubstep_kick.wav */; };
		9FC79F181FDA96FC0011D335 /* dubstep_openhat.wav in Resources */ = {isa = PBXBuildFile; fileRef = 9FC79F121FDA96FC0011D335 /* dubstep_openhat.wav */; };
		9FC79F191FDA96FC0011D335 /* dubstep_snare.wav in Resources */ = {isa = PBXBuildFile; fileRef = 9FC79F131FDA96FC0011D335 /* dubstep_snare.wav */; };
		9FC79F201FDA97080011D335 /* hiphop_clap.wav in Resources */ = {isa = PBXBuildFile; fileRef = 9FC79F1A1FDA97080011D335 /* hiphop_clap.wav */; };
		9FC79F211FDA97080011D335 /* hiphop_closedhat.wav in Resources */ = {isa = PBXBuildFile; fileRef = 9FC79F1B1FDA97080011D335 /* hiphop_closedhat.wav */; };
		9FC79F221FDA97080011D335 /* hiphop_crash.wav in Resources */ = {isa = PBXBuildFile; fileRef = 9FC79F1C1FDA97080011D335 /* hiphop_crash.wav */; };
		9FC79F231FDA97080011D335 /* hiphop_kick.wav in Resources */ = {isa = PBXBuildFile; fileRef = 9FC79F1D1FDA97080011D335 /* hiphop_kick.wav */; };
		9FC79F241FDA97080011D335 /* hiphop_openhat.wav in Resources */ = {isa = PBXBuildFile; fileRef = 9FC79F1E1FDA97080011D335 /* hiphop_openhat.wav */; };
		9FC79F251FDA97080011D335 /* hiphop_snare.wav in Resources */ = {isa = PBXBuildFile; fileRef = 9FC79F1F1FDA97080011D335 /* hiphop_snare.wav */; };
		9FC79F351FDA972E0011D335 /* background.png in Resources */ = {isa = PBXBuildFile; fileRef = 9FC79F261FDA972E0011D335 /* background.png */; };
		9FC79F361FDA972E0011D335 /* clear.png in Resources */ = {isa = PBXBuildFile; fileRef = 9FC79F271FDA972E0011D335 /* clear.png */; };
		9FC79F371FDA972E0011D335 /* decrement.png in Resources */ = {isa = PBXBuildFile; fileRef = 9FC79F281FDA972E0011D335 /* decrement.png */; };
		9FC79F381FDA972E0011D335 /* increment.png in Resources */ = {isa = PBXBuildFile; fileRef = 9FC79F291FDA972E0011D335 /* increment.png */; };
		9FC79F391FDA972E0011D335 /* nslogic app icon black glyph.png in Resources */ = {isa = PBXBuildFile; fileRef = 9FC79F2A1FDA972E0011D335 /* nslogic app icon black glyph.png */; };
		9FC79F3A1FDA972E0011D335 /* nslogic app icon transparent with drop shadow.png in Resources */ = {isa = PBXBuildFile; fileRef = 9FC79F2B1FDA972E0011D335 /* nslogic app icon transparent with drop shadow.png */; };
		9FC79F3B1FDA972E0011D335 /* nslogic app icon transparent without drop shadow.png in Resources */ = {isa = PBXBuildFile; fileRef = 9FC79F2C1FDA972E0011D335 /* nslogic app icon transparent without drop shadow.png */; };
		9FC79F3C1FDA972E0011D335 /* nslogic app icon white glyph on colour example.png in Resources */ = {isa = PBXBuildFile; fileRef = 9FC79F2D1FDA972E0011D335 /* nslogic app icon white glyph on colour example.png */; };
		9FC79F3D1FDA972E0011D335 /* nslogic app icon with drop shadow.png in Resources */ = {isa = PBXBuildFile; fileRef = 9FC79F2E1FDA972E0011D335 /* nslogic app icon with drop shadow.png */; };
		9FC79F3E1FDA972E0011D335 /* nslogic app icon without drop shadow.png in Resources */ = {isa = PBXBuildFile; fileRef = 9FC79F2F1FDA972E0011D335 /* nslogic app icon without drop shadow.png */; };
		9FC79F3F1FDA972E0011D335 /* nslogic launchscreen transparent.png in Resources */ = {isa = PBXBuildFile; fileRef = 9FC79F301FDA972E0011D335 /* nslogic launchscreen transparent.png */; };
		9FC79F401FDA972E0011D335 /* nslogic launchscreen.png in Resources */ = {isa = PBXBuildFile; fileRef = 9FC79F311FDA972E0011D335 /* nslogic launchscreen.png */; };
		9FC79F411FDA972E0011D335 /* pause.png in Resources */ = {isa = PBXBuildFile; fileRef = 9FC79F321FDA972E0011D335 /* pause.png */; };
		9FC79F421FDA972E0011D335 /* play.png in Resources */ = {isa = PBXBuildFile; fileRef = 9FC79F331FDA972E0011D335 /* play.png */; };
		9FC79F431FDA972E0011D335 /* stop.png in Resources */ = {isa = PBXBuildFile; fileRef = 9FC79F341FDA972E0011D335 /* stop.png */; };
/* End PBXBuildFile section */

/* Begin PBXContainerItemProxy section */
		9F9423011FC49B7100CDC201 /* PBXContainerItemProxy */ = {
			isa = PBXContainerItemProxy;
			containerPortal = 9F9422DF1FC49B7100CDC201 /* Project object */;
			proxyType = 1;
			remoteGlobalIDString = 9F9422E61FC49B7100CDC201;
			remoteInfo = Sequencerv2;
		};
		9F94230C1FC49B7100CDC201 /* PBXContainerItemProxy */ = {
			isa = PBXContainerItemProxy;
			containerPortal = 9F9422DF1FC49B7100CDC201 /* Project object */;
			proxyType = 1;
			remoteGlobalIDString = 9F9422E61FC49B7100CDC201;
			remoteInfo = Sequencerv2;
		};
/* End PBXContainerItemProxy section */

/* Begin PBXFileReference section */
		9F1BF8C31FD5EF5C00BBD675 /* AVFoundation.framework */ = {isa = PBXFileReference; lastKnownFileType = wrapper.framework; name = AVFoundation.framework; path = System/Library/Frameworks/AVFoundation.framework; sourceTree = SDKROOT; };
		9F25BCD41FD72AE80067D82E /* TableViewController.h */ = {isa = PBXFileReference; fileEncoding = 4; lastKnownFileType = sourcecode.c.h; path = TableViewController.h; sourceTree = "<group>"; };
		9F25BCD51FD72AE80067D82E /* TableViewController.m */ = {isa = PBXFileReference; fileEncoding = 4; lastKnownFileType = sourcecode.c.objc; path = TableViewController.m; sourceTree = "<group>"; };
		9F5D422D1FC743E80028C4DC /* DataModel.h */ = {isa = PBXFileReference; fileEncoding = 4; lastKnownFileType = sourcecode.c.h; path = DataModel.h; sourceTree = "<group>"; };
		9F5D422E1FC743E80028C4DC /* DataModel.m */ = {isa = PBXFileReference; fileEncoding = 4; lastKnownFileType = sourcecode.c.objc; path = DataModel.m; sourceTree = "<group>"; };
		9F9422E71FC49B7100CDC201 /* Sequencerv2.app */ = {isa = PBXFileReference; explicitFileType = wrapper.application; includeInIndex = 0; path = Sequencerv2.app; sourceTree = BUILT_PRODUCTS_DIR; };
		9F9422EB1FC49B7100CDC201 /* main.m */ = {isa = PBXFileReference; lastKnownFileType = sourcecode.c.objc; path = main.m; sourceTree = "<group>"; };
		9F9422ED1FC49B7100CDC201 /* AppDelegate.h */ = {isa = PBXFileReference; lastKnownFileType = sourcecode.c.h; path = AppDelegate.h; sourceTree = "<group>"; };
		9F9422EE1FC49B7100CDC201 /* AppDelegate.m */ = {isa = PBXFileReference; lastKnownFileType = sourcecode.c.objc; path = AppDelegate.m; sourceTree = "<group>"; };
		9F9422F01FC49B7100CDC201 /* ViewController.h */ = {isa = PBXFileReference; lastKnownFileType = sourcecode.c.h; path = ViewController.h; sourceTree = "<group>"; };
		9F9422F11FC49B7100CDC201 /* ViewController.m */ = {isa = PBXFileReference; lastKnownFileType = sourcecode.c.objc; path = ViewController.m; sourceTree = "<group>"; };
		9F9422F41FC49B7100CDC201 /* Base */ = {isa = PBXFileReference; lastKnownFileType = file.storyboard; name = Base; path = Base.lproj/Main.storyboard; sourceTree = "<group>"; };
		9F9422F61FC49B7100CDC201 /* Assets.xcassets */ = {isa = PBXFileReference; lastKnownFileType = folder.assetcatalog; path = Assets.xcassets; sourceTree = "<group>"; };
		9F9422F91FC49B7100CDC201 /* Base */ = {isa = PBXFileReference; lastKnownFileType = file.storyboard; name = Base; path = Base.lproj/LaunchScreen.storyboard; sourceTree = "<group>"; };
		9F9422FB1FC49B7100CDC201 /* Info.plist */ = {isa = PBXFileReference; lastKnownFileType = text.plist.xml; path = Info.plist; sourceTree = "<group>"; };
		9F9423001FC49B7100CDC201 /* Sequencerv2Tests.xctest */ = {isa = PBXFileReference; explicitFileType = wrapper.cfbundle; includeInIndex = 0; path = Sequencerv2Tests.xctest; sourceTree = BUILT_PRODUCTS_DIR; };
		9F9423041FC49B7100CDC201 /* Sequencerv2Tests.m */ = {isa = PBXFileReference; lastKnownFileType = sourcecode.c.objc; path = Sequencerv2Tests.m; sourceTree = "<group>"; };
		9F9423061FC49B7100CDC201 /* Info.plist */ = {isa = PBXFileReference; lastKnownFileType = text.plist.xml; path = Info.plist; sourceTree = "<group>"; };
		9F94230B1FC49B7100CDC201 /* Sequencerv2UITests.xctest */ = {isa = PBXFileReference; explicitFileType = wrapper.cfbundle; includeInIndex = 0; path = Sequencerv2UITests.xctest; sourceTree = BUILT_PRODUCTS_DIR; };
		9F94230F1FC49B7100CDC201 /* Sequencerv2UITests.m */ = {isa = PBXFileReference; lastKnownFileType = sourcecode.c.objc; path = Sequencerv2UITests.m; sourceTree = "<group>"; };
		9F9423111FC49B7100CDC201 /* Info.plist */ = {isa = PBXFileReference; lastKnownFileType = text.plist.xml; path = Info.plist; sourceTree = "<group>"; };
		9FC79EED1FDA96910011D335 /* SampleStyle.h */ = {isa = PBXFileReference; lastKnownFileType = sourcecode.c.h; path = SampleStyle.h; sourceTree = "<group>"; };
		9FC79EEE1FDA969A0011D335 /* SampleStyle.m */ = {isa = PBXFileReference; fileEncoding = 4; lastKnownFileType = sourcecode.c.objc; path = SampleStyle.m; sourceTree = "<group>"; };
		9FC79EF01FDA96D80011D335 /* drumandbass_clap.wav */ = {isa = PBXFileReference; lastKnownFileType = audio.wav; name = drumandbass_clap.wav; path = "Media/Samples/Danny Byrd/drumandbass_clap.wav"; sourceTree = "<group>"; };
		9FC79EF11FDA96D80011D335 /* drumandbass_closedhat.wav */ = {isa = PBXFileReference; lastKnownFileType = audio.wav; name = drumandbass_closedhat.wav; path = "Media/Samples/Danny Byrd/drumandbass_closedhat.wav"; sourceTree = "<group>"; };
		9FC79EF21FDA96D80011D335 /* drumandbass_crash.wav */ = {isa = PBXFileReference; lastKnownFileType = audio.wav; name = drumandbass_crash.wav; path = "Media/Samples/Danny Byrd/drumandbass_crash.wav"; sourceTree = "<group>"; };
		9FC79EF31FDA96D80011D335 /* drumandbass_kick.wav */ = {isa = PBXFileReference; lastKnownFileType = audio.wav; name = drumandbass_kick.wav; path = "Media/Samples/Danny Byrd/drumandbass_kick.wav"; sourceTree = "<group>"; };
		9FC79EF41FDA96D80011D335 /* drumandbass_openhat.wav */ = {isa = PBXFileReference; lastKnownFileType = audio.wav; name = drumandbass_openhat.wav; path = "Media/Samples/Danny Byrd/drumandbass_openhat.wav"; sourceTree = "<group>"; };
		9FC79EF51FDA96D80011D335 /* drumandbass_snare.wav */ = {isa = PBXFileReference; lastKnownFileType = audio.wav; name = drumandbass_snare.wav; path = "Media/Samples/Danny Byrd/drumandbass_snare.wav"; sourceTree = "<group>"; };
		9FC79EFC1FDA96E90011D335 /* electro_clap.wav */ = {isa = PBXFileReference; lastKnownFileType = audio.wav; name = electro_clap.wav; path = Media/Samples/iZotope/electro_clap.wav; sourceTree = "<group>"; };
		9FC79EFD1FDA96E90011D335 /* electro_closedhat.wav */ = {isa = PBXFileReference; lastKnownFileType = audio.wav; name = electro_closedhat.wav; path = Media/Samples/iZotope/electro_closedhat.wav; sourceTree = "<group>"; };
		9FC79EFE1FDA96E90011D335 /* electro_crash.wav */ = {isa = PBXFileReference; lastKnownFileType = audio.wav; name = electro_crash.wav; path = Media/Samples/iZotope/electro_crash.wav; sourceTree = "<group>"; };
		9FC79EFF1FDA96E90011D335 /* electro_kick.wav */ = {isa = PBXFileReference; lastKnownFileType = audio.wav; name = electro_kick.wav; path = Media/Samples/iZotope/electro_kick.wav; sourceTree = "<group>"; };
		9FC79F001FDA96E90011D335 /* electro_openhat.wav */ = {isa = PBXFileReference; lastKnownFileType = audio.wav; name = electro_openhat.wav; path = Media/Samples/iZotope/electro_openhat.wav; sourceTree = "<group>"; };
		9FC79F011FDA96E90011D335 /* electro_snare.wav */ = {isa = PBXFileReference; lastKnownFileType = audio.wav; name = electro_snare.wav; path = Media/Samples/iZotope/electro_snare.wav; sourceTree = "<group>"; };
		9FC79F081FDA96F30011D335 /* futurebass_clap.aif */ = {isa = PBXFileReference; lastKnownFileType = file; name = futurebass_clap.aif; path = Media/Samples/KSHMR/futurebass_clap.aif; sourceTree = "<group>"; };
		9FC79F091FDA96F30011D335 /* futurebass_closedhat.aif */ = {isa = PBXFileReference; lastKnownFileType = file; name = futurebass_closedhat.aif; path = Media/Samples/KSHMR/futurebass_closedhat.aif; sourceTree = "<group>"; };
		9FC79F0A1FDA96F30011D335 /* futurebass_crash.aif */ = {isa = PBXFileReference; lastKnownFileType = file; name = futurebass_crash.aif; path = Media/Samples/KSHMR/futurebass_crash.aif; sourceTree = "<group>"; };
		9FC79F0B1FDA96F30011D335 /* futurebass_kick.aif */ = {isa = PBXFileReference; lastKnownFileType = file; name = futurebass_kick.aif; path = Media/Samples/KSHMR/futurebass_kick.aif; sourceTree = "<group>"; };
		9FC79F0C1FDA96F30011D335 /* futurebass_openhat.aif */ = {isa = PBXFileReference; lastKnownFileType = file; name = futurebass_openhat.aif; path = Media/Samples/KSHMR/futurebass_openhat.aif; sourceTree = "<group>"; };
		9FC79F0D1FDA96F30011D335 /* futurebass_snare.aif */ = {isa = PBXFileReference; lastKnownFileType = file; name = futurebass_snare.aif; path = Media/Samples/KSHMR/futurebass_snare.aif; sourceTree = "<group>"; };
		9FC79F0E1FDA96FC0011D335 /* dubstep_clap.wav */ = {isa = PBXFileReference; lastKnownFileType = audio.wav; name = dubstep_clap.wav; path = Media/Samples/Leviathan/dubstep_clap.wav; sourceTree = "<group>"; };
		9FC79F0F1FDA96FC0011D335 /* dubstep_closedhat.wav */ = {isa = PBXFileReference; lastKnownFileType = audio.wav; name = dubstep_closedhat.wav; path = Media/Samples/Leviathan/dubstep_closedhat.wav; sourceTree = "<group>"; };
		9FC79F101FDA96FC0011D335 /* dubstep_crash.wav */ = {isa = PBXFileReference; lastKnownFileType = audio.wav; name = dubstep_crash.wav; path = Media/Samples/Leviathan/dubstep_crash.wav; sourceTree = "<group>"; };
		9FC79F111FDA96FC0011D335 /* dubstep_kick.wav */ = {isa = PBXFileReference; lastKnownFileType = audio.wav; name = dubstep_kick.wav; path = Media/Samples/Leviathan/dubstep_kick.wav; sourceTree = "<group>"; };
		9FC79F121FDA96FC0011D335 /* dubstep_openhat.wav */ = {isa = PBXFileReference; lastKnownFileType = audio.wav; name = dubstep_openhat.wav; path = Media/Samples/Leviathan/dubstep_openhat.wav; sourceTree = "<group>"; };
		9FC79F131FDA96FC0011D335 /* dubstep_snare.wav */ = {isa = PBXFileReference; lastKnownFileType = audio.wav; name = dubstep_snare.wav; path = Media/Samples/Leviathan/dubstep_snare.wav; sourceTree = "<group>"; };
		9FC79F1A1FDA97080011D335 /* hiphop_clap.wav */ = {isa = PBXFileReference; lastKnownFileType = audio.wav; name = hiphop_clap.wav; path = "Media/Samples/Noir Sound/hiphop_clap.wav"; sourceTree = "<group>"; };
		9FC79F1B1FDA97080011D335 /* hiphop_closedhat.wav */ = {isa = PBXFileReference; lastKnownFileType = audio.wav; name = hiphop_closedhat.wav; path = "Media/Samples/Noir Sound/hiphop_closedhat.wav"; sourceTree = "<group>"; };
		9FC79F1C1FDA97080011D335 /* hiphop_crash.wav */ = {isa = PBXFileReference; lastKnownFileType = audio.wav; name = hiphop_crash.wav; path = "Media/Samples/Noir Sound/hiphop_crash.wav"; sourceTree = "<group>"; };
		9FC79F1D1FDA97080011D335 /* hiphop_kick.wav */ = {isa = PBXFileReference; lastKnownFileType = audio.wav; name = hiphop_kick.wav; path = "Media/Samples/Noir Sound/hiphop_kick.wav"; sourceTree = "<group>"; };
		9FC79F1E1FDA97080011D335 /* hiphop_openhat.wav */ = {isa = PBXFileReference; lastKnownFileType = audio.wav; name = hiphop_openhat.wav; path = "Media/Samples/Noir Sound/hiphop_openhat.wav"; sourceTree = "<group>"; };
		9FC79F1F1FDA97080011D335 /* hiphop_snare.wav */ = {isa = PBXFileReference; lastKnownFileType = audio.wav; name = hiphop_snare.wav; path = "Media/Samples/Noir Sound/hiphop_snare.wav"; sourceTree = "<group>"; };
		9FC79F261FDA972E0011D335 /* background.png */ = {isa = PBXFileReference; lastKnownFileType = image.png; name = background.png; path = Media/Images/background.png; sourceTree = "<group>"; };
		9FC79F271FDA972E0011D335 /* clear.png */ = {isa = PBXFileReference; lastKnownFileType = image.png; name = clear.png; path = Media/Images/clear.png; sourceTree = "<group>"; };
		9FC79F281FDA972E0011D335 /* decrement.png */ = {isa = PBXFileReference; lastKnownFileType = image.png; name = decrement.png; path = Media/Images/decrement.png; sourceTree = "<group>"; };
		9FC79F291FDA972E0011D335 /* increment.png */ = {isa = PBXFileReference; lastKnownFileType = image.png; name = increment.png; path = Media/Images/increment.png; sourceTree = "<group>"; };
		9FC79F2A1FDA972E0011D335 /* nslogic app icon black glyph.png */ = {isa = PBXFileReference; lastKnownFileType = image.png; name = "nslogic app icon black glyph.png"; path = "Media/Images/nslogic app icon black glyph.png"; sourceTree = "<group>"; };
		9FC79F2B1FDA972E0011D335 /* nslogic app icon transparent with drop shadow.png */ = {isa = PBXFileReference; lastKnownFileType = image.png; name = "nslogic app icon transparent with drop shadow.png"; path = "Media/Images/nslogic app icon transparent with drop shadow.png"; sourceTree = "<group>"; };
		9FC79F2C1FDA972E0011D335 /* nslogic app icon transparent without drop shadow.png */ = {isa = PBXFileReference; lastKnownFileType = image.png; name = "nslogic app icon transparent without drop shadow.png"; path = "Media/Images/nslogic app icon transparent without drop shadow.png"; sourceTree = "<group>"; };
		9FC79F2D1FDA972E0011D335 /* nslogic app icon white glyph on colour example.png */ = {isa = PBXFileReference; lastKnownFileType = image.png; name = "nslogic app icon white glyph on colour example.png"; path = "Media/Images/nslogic app icon white glyph on colour example.png"; sourceTree = "<group>"; };
		9FC79F2E1FDA972E0011D335 /* nslogic app icon with drop shadow.png */ = {isa = PBXFileReference; lastKnownFileType = image.png; name = "nslogic app icon with drop shadow.png"; path = "Media/Images/nslogic app icon with drop shadow.png"; sourceTree = "<group>"; };
		9FC79F2F1FDA972E0011D335 /* nslogic app icon without drop shadow.png */ = {isa = PBXFileReference; lastKnownFileType = image.png; name = "nslogic app icon without drop shadow.png"; path = "Media/Images/nslogic app icon without drop shadow.png"; sourceTree = "<group>"; };
		9FC79F301FDA972E0011D335 /* nslogic launchscreen transparent.png */ = {isa = PBXFileReference; lastKnownFileType = image.png; name = "nslogic launchscreen transparent.png"; path = "Media/Images/nslogic launchscreen transparent.png"; sourceTree = "<group>"; };
		9FC79F311FDA972E0011D335 /* nslogic launchscreen.png */ = {isa = PBXFileReference; lastKnownFileType = image.png; name = "nslogic launchscreen.png"; path = "Media/Images/nslogic launchscreen.png"; sourceTree = "<group>"; };
		9FC79F321FDA972E0011D335 /* pause.png */ = {isa = PBXFileReference; lastKnownFileType = image.png; name = pause.png; path = Media/Images/pause.png; sourceTree = "<group>"; };
		9FC79F331FDA972E0011D335 /* play.png */ = {isa = PBXFileReference; lastKnownFileType = image.png; name = play.png; path = Media/Images/play.png; sourceTree = "<group>"; };
		9FC79F341FDA972E0011D335 /* stop.png */ = {isa = PBXFileReference; lastKnownFileType = image.png; name = stop.png; path = Media/Images/stop.png; sourceTree = "<group>"; };
/* End PBXFileReference section */

/* Begin PBXFrameworksBuildPhase section */
		9F9422E41FC49B7100CDC201 /* Frameworks */ = {
			isa = PBXFrameworksBuildPhase;
			buildActionMask = 2147483647;
			files = (
				9F1BF8C41FD5EF5C00BBD675 /* AVFoundation.framework in Frameworks */,
			);
			runOnlyForDeploymentPostprocessing = 0;
		};
		9F9422FD1FC49B7100CDC201 /* Frameworks */ = {
			isa = PBXFrameworksBuildPhase;
			buildActionMask = 2147483647;
			files = (
			);
			runOnlyForDeploymentPostprocessing = 0;
		};
		9F9423081FC49B7100CDC201 /* Frameworks */ = {
			isa = PBXFrameworksBuildPhase;
			buildActionMask = 2147483647;
			files = (
			);
			runOnlyForDeploymentPostprocessing = 0;
		};
/* End PBXFrameworksBuildPhase section */

/* Begin PBXGroup section */
		9F066A671FD59706008A8C25 /* iZotope */ = {
			isa = PBXGroup;
			children = (
				9FC79EFC1FDA96E90011D335 /* electro_clap.wav */,
				9FC79EFD1FDA96E90011D335 /* electro_closedhat.wav */,
				9FC79EFE1FDA96E90011D335 /* electro_crash.wav */,
				9FC79EFF1FDA96E90011D335 /* electro_kick.wav */,
				9FC79F001FDA96E90011D335 /* electro_openhat.wav */,
				9FC79F011FDA96E90011D335 /* electro_snare.wav */,
			);
			name = iZotope;
			sourceTree = "<group>";
		};
		9F066A721FD59E2C008A8C25 /* Media */ = {
			isa = PBXGroup;
			children = (
				9FB328421FD9BD4D007B4123 /* Samples */,
				9FB607261FD5B700009A7B63 /* Images */,
			);
			name = Media;
			sourceTree = "<group>";
		};
		9F1BF8C21FD5EF5C00BBD675 /* Frameworks */ = {
			isa = PBXGroup;
			children = (
				9F1BF8C31FD5EF5C00BBD675 /* AVFoundation.framework */,
			);
			name = Frameworks;
			sourceTree = "<group>";
		};
		9F9422DE1FC49B7100CDC201 = {
			isa = PBXGroup;
			children = (
				9F9422E91FC49B7100CDC201 /* Sequencerv2 */,
				9F9423031FC49B7100CDC201 /* Sequencerv2Tests */,
				9F94230E1FC49B7100CDC201 /* Sequencerv2UITests */,
				9F9422E81FC49B7100CDC201 /* Products */,
				9F1BF8C21FD5EF5C00BBD675 /* Frameworks */,
			);
			sourceTree = "<group>";
		};
		9F9422E81FC49B7100CDC201 /* Products */ = {
			isa = PBXGroup;
			children = (
				9F9422E71FC49B7100CDC201 /* Sequencerv2.app */,
				9F9423001FC49B7100CDC201 /* Sequencerv2Tests.xctest */,
				9F94230B1FC49B7100CDC201 /* Sequencerv2UITests.xctest */,
			);
			name = Products;
			sourceTree = "<group>";
		};
		9F9422E91FC49B7100CDC201 /* Sequencerv2 */ = {
			isa = PBXGroup;
			children = (
				9F9422ED1FC49B7100CDC201 /* AppDelegate.h */,
				9F9422EE1FC49B7100CDC201 /* AppDelegate.m */,
				9F5D422D1FC743E80028C4DC /* DataModel.h */,
				9F5D422E1FC743E80028C4DC /* DataModel.m */,
				9FC79EED1FDA96910011D335 /* SampleStyle.h */,
				9FC79EEE1FDA969A0011D335 /* SampleStyle.m */,
				9F25BCD41FD72AE80067D82E /* TableViewController.h */,
				9F25BCD51FD72AE80067D82E /* TableViewController.m */,
				9F9422F01FC49B7100CDC201 /* ViewController.h */,
				9F9422F11FC49B7100CDC201 /* ViewController.m */,
				9F9422F81FC49B7100CDC201 /* LaunchScreen.storyboard */,
				9F9422F31FC49B7100CDC201 /* Main.storyboard */,
				9F066A721FD59E2C008A8C25 /* Media */,
				9F9422F61FC49B7100CDC201 /* Assets.xcassets */,
				9F9422FB1FC49B7100CDC201 /* Info.plist */,
				9F9422EA1FC49B7100CDC201 /* Supporting Files */,
			);
			path = Sequencerv2;
			sourceTree = "<group>";
		};
		9F9422EA1FC49B7100CDC201 /* Supporting Files */ = {
			isa = PBXGroup;
			children = (
				9F9422EB1FC49B7100CDC201 /* main.m */,
			);
			name = "Supporting Files";
			sourceTree = "<group>";
		};
		9F9423031FC49B7100CDC201 /* Sequencerv2Tests */ = {
			isa = PBXGroup;
			children = (
				9F9423041FC49B7100CDC201 /* Sequencerv2Tests.m */,
				9F9423061FC49B7100CDC201 /* Info.plist */,
			);
			path = Sequencerv2Tests;
			sourceTree = "<group>";
		};
		9F94230E1FC49B7100CDC201 /* Sequencerv2UITests */ = {
			isa = PBXGroup;
			children = (
				9F94230F1FC49B7100CDC201 /* Sequencerv2UITests.m */,
				9F9423111FC49B7100CDC201 /* Info.plist */,
			);
			path = Sequencerv2UITests;
			sourceTree = "<group>";
		};
		9FB3283E1FD9BD43007B4123 /* KSHMR */ = {
			isa = PBXGroup;
			children = (
				9FC79F081FDA96F30011D335 /* futurebass_clap.aif */,
				9FC79F091FDA96F30011D335 /* futurebass_closedhat.aif */,
				9FC79F0A1FDA96F30011D335 /* futurebass_crash.aif */,
				9FC79F0B1FDA96F30011D335 /* futurebass_kick.aif */,
				9FC79F0C1FDA96F30011D335 /* futurebass_openhat.aif */,
				9FC79F0D1FDA96F30011D335 /* futurebass_snare.aif */,
			);
			name = KSHMR;
			sourceTree = "<group>";
		};
		9FB3283F1FD9BD45007B4123 /* Noir Sound */ = {
			isa = PBXGroup;
			children = (
				9FC79F1A1FDA97080011D335 /* hiphop_clap.wav */,
				9FC79F1B1FDA97080011D335 /* hiphop_closedhat.wav */,
				9FC79F1C1FDA97080011D335 /* hiphop_crash.wav */,
				9FC79F1D1FDA97080011D335 /* hiphop_kick.wav */,
				9FC79F1E1FDA97080011D335 /* hiphop_openhat.wav */,
				9FC79F1F1FDA97080011D335 /* hiphop_snare.wav */,
			);
			name = "Noir Sound";
			sourceTree = "<group>";
		};
		9FB328401FD9BD48007B4123 /* Leviathan */ = {
			isa = PBXGroup;
			children = (
				9FC79F0E1FDA96FC0011D335 /* dubstep_clap.wav */,
				9FC79F0F1FDA96FC0011D335 /* dubstep_closedhat.wav */,
				9FC79F101FDA96FC0011D335 /* dubstep_crash.wav */,
				9FC79F111FDA96FC0011D335 /* dubstep_kick.wav */,
				9FC79F121FDA96FC0011D335 /* dubstep_openhat.wav */,
				9FC79F131FDA96FC0011D335 /* dubstep_snare.wav */,
			);
			name = Leviathan;
			sourceTree = "<group>";
		};
		9FB328411FD9BD4A007B4123 /* Danny Byrd */ = {
			isa = PBXGroup;
			children = (
				9FC79EF01FDA96D80011D335 /* drumandbass_clap.wav */,
				9FC79EF11FDA96D80011D335 /* drumandbass_closedhat.wav */,
				9FC79EF21FDA96D80011D335 /* drumandbass_crash.wav */,
				9FC79EF31FDA96D80011D335 /* drumandbass_kick.wav */,
				9FC79EF41FDA96D80011D335 /* drumandbass_openhat.wav */,
				9FC79EF51FDA96D80011D335 /* drumandbass_snare.wav */,
			);
			name = "Danny Byrd";
			sourceTree = "<group>";
		};
		9FB328421FD9BD4D007B4123 /* Samples */ = {
			isa = PBXGroup;
			children = (
				9FB3283E1FD9BD43007B4123 /* KSHMR */,
				9FB3283F1FD9BD45007B4123 /* Noir Sound */,
				9FB328411FD9BD4A007B4123 /* Danny Byrd */,
				9FB328401FD9BD48007B4123 /* Leviathan */,
				9F066A671FD59706008A8C25 /* iZotope */,
			);
			name = Samples;
			sourceTree = "<group>";
		};
		9FB607261FD5B700009A7B63 /* Images */ = {
			isa = PBXGroup;
			children = (
				9FC79F261FDA972E0011D335 /* background.png */,
				9FC79F271FDA972E0011D335 /* clear.png */,
				9FC79F281FDA972E0011D335 /* decrement.png */,
				9FC79F291FDA972E0011D335 /* increment.png */,
				9FC79F2A1FDA972E0011D335 /* nslogic app icon black glyph.png */,
				9FC79F2B1FDA972E0011D335 /* nslogic app icon transparent with drop shadow.png */,
				9FC79F2C1FDA972E0011D335 /* nslogic app icon transparent without drop shadow.png */,
				9FC79F2D1FDA972E0011D335 /* nslogic app icon white glyph on colour example.png */,
				9FC79F2E1FDA972E0011D335 /* nslogic app icon with drop shadow.png */,
				9FC79F2F1FDA972E0011D335 /* nslogic app icon without drop shadow.png */,
				9FC79F301FDA972E0011D335 /* nslogic launchscreen transparent.png */,
				9FC79F311FDA972E0011D335 /* nslogic launchscreen.png */,
				9FC79F321FDA972E0011D335 /* pause.png */,
				9FC79F331FDA972E0011D335 /* play.png */,
				9FC79F341FDA972E0011D335 /* stop.png */,
			);
			name = Images;
			sourceTree = "<group>";
		};
/* End PBXGroup section */

/* Begin PBXNativeTarget section */
		9F9422E61FC49B7100CDC201 /* Sequencerv2 */ = {
			isa = PBXNativeTarget;
			buildConfigurationList = 9F9423141FC49B7100CDC201 /* Build configuration list for PBXNativeTarget "Sequencerv2" */;
			buildPhases = (
				9F9422E31FC49B7100CDC201 /* Sources */,
				9F9422E41FC49B7100CDC201 /* Frameworks */,
				9F9422E51FC49B7100CDC201 /* Resources */,
			);
			buildRules = (
			);
			dependencies = (
			);
			name = Sequencerv2;
			productName = Sequencerv2;
			productReference = 9F9422E71FC49B7100CDC201 /* Sequencerv2.app */;
			productType = "com.apple.product-type.application";
		};
		9F9422FF1FC49B7100CDC201 /* Sequencerv2Tests */ = {
			isa = PBXNativeTarget;
			buildConfigurationList = 9F9423171FC49B7100CDC201 /* Build configuration list for PBXNativeTarget "Sequencerv2Tests" */;
			buildPhases = (
				9F9422FC1FC49B7100CDC201 /* Sources */,
				9F9422FD1FC49B7100CDC201 /* Frameworks */,
				9F9422FE1FC49B7100CDC201 /* Resources */,
			);
			buildRules = (
			);
			dependencies = (
				9F9423021FC49B7100CDC201 /* PBXTargetDependency */,
			);
			name = Sequencerv2Tests;
			productName = Sequencerv2Tests;
			productReference = 9F9423001FC49B7100CDC201 /* Sequencerv2Tests.xctest */;
			productType = "com.apple.product-type.bundle.unit-test";
		};
		9F94230A1FC49B7100CDC201 /* Sequencerv2UITests */ = {
			isa = PBXNativeTarget;
			buildConfigurationList = 9F94231A1FC49B7100CDC201 /* Build configuration list for PBXNativeTarget "Sequencerv2UITests" */;
			buildPhases = (
				9F9423071FC49B7100CDC201 /* Sources */,
				9F9423081FC49B7100CDC201 /* Frameworks */,
				9F9423091FC49B7100CDC201 /* Resources */,
			);
			buildRules = (
			);
			dependencies = (
				9F94230D1FC49B7100CDC201 /* PBXTargetDependency */,
			);
			name = Sequencerv2UITests;
			productName = Sequencerv2UITests;
			productReference = 9F94230B1FC49B7100CDC201 /* Sequencerv2UITests.xctest */;
			productType = "com.apple.product-type.bundle.ui-testing";
		};
/* End PBXNativeTarget section */

/* Begin PBXProject section */
		9F9422DF1FC49B7100CDC201 /* Project object */ = {
			isa = PBXProject;
			attributes = {
				LastUpgradeCheck = 0800;
				ORGANIZATIONNAME = "University of Leeds";
				TargetAttributes = {
					9F9422E61FC49B7100CDC201 = {
						CreatedOnToolsVersion = 8.0;
						ProvisioningStyle = Automatic;
					};
					9F9422FF1FC49B7100CDC201 = {
						CreatedOnToolsVersion = 8.0;
						ProvisioningStyle = Automatic;
						TestTargetID = 9F9422E61FC49B7100CDC201;
					};
					9F94230A1FC49B7100CDC201 = {
						CreatedOnToolsVersion = 8.0;
						ProvisioningStyle = Automatic;
						TestTargetID = 9F9422E61FC49B7100CDC201;
					};
				};
			};
			buildConfigurationList = 9F9422E21FC49B7100CDC201 /* Build configuration list for PBXProject "Sequencerv2" */;
			compatibilityVersion = "Xcode 3.2";
			developmentRegion = English;
			hasScannedForEncodings = 0;
			knownRegions = (
				en,
				Base,
			);
			mainGroup = 9F9422DE1FC49B7100CDC201;
			productRefGroup = 9F9422E81FC49B7100CDC201 /* Products */;
			projectDirPath = "";
			projectRoot = "";
			targets = (
				9F9422E61FC49B7100CDC201 /* Sequencerv2 */,
				9F9422FF1FC49B7100CDC201 /* Sequencerv2Tests */,
				9F94230A1FC49B7100CDC201 /* Sequencerv2UITests */,
			);
		};
/* End PBXProject section */

/* Begin PBXResourcesBuildPhase section */
		9F9422E51FC49B7100CDC201 /* Resources */ = {
			isa = PBXResourcesBuildPhase;
			buildActionMask = 2147483647;
			files = (
				9FC79F3E1FDA972E0011D335 /* nslogic app icon without drop shadow.png in Resources */,
				9F9422FA1FC49B7100CDC201 /* LaunchScreen.storyboard in Resources */,
				9FC79F411FDA972E0011D335 /* pause.png in Resources */,
				9FC79F061FDA96E90011D335 /* electro_openhat.wav in Resources */,
				9FC79F171FDA96FC0011D335 /* dubstep_kick.wav in Resources */,
				9FC79F141FDA96FC0011D335 /* dubstep_clap.wav in Resources */,
				9FC79F221FDA97080011D335 /* hiphop_crash.wav in Resources */,
				9FC79F181FDA96FC0011D335 /* dubstep_openhat.wav in Resources */,
				9FC79F241FDA97080011D335 /* hiphop_openhat.wav in Resources */,
				9FC79F021FDA96E90011D335 /* electro_clap.wav in Resources */,
				9FC79EF91FDA96D80011D335 /* drumandbass_kick.wav in Resources */,
				9FC79F351FDA972E0011D335 /* background.png in Resources */,
				9FC79F3C1FDA972E0011D335 /* nslogic app icon white glyph on colour example.png in Resources */,
				9FC79F041FDA96E90011D335 /* electro_crash.wav in Resources */,
				9FC79F3F1FDA972E0011D335 /* nslogic launchscreen transparent.png in Resources */,
				9FC79F3B1FDA972E0011D335 /* nslogic app icon transparent without drop shadow.png in Resources */,
				9FC79EF81FDA96D80011D335 /* drumandbass_crash.wav in Resources */,
				9FC79F431FDA972E0011D335 /* stop.png in Resources */,
				9F9422F71FC49B7100CDC201 /* Assets.xcassets in Resources */,
				9FC79EF71FDA96D80011D335 /* drumandbass_closedhat.wav in Resources */,
				9FC79EFA1FDA96D80011D335 /* drumandbass_openhat.wav in Resources */,
				9F9422F51FC49B7100CDC201 /* Main.storyboard in Resources */,
				9FC79F381FDA972E0011D335 /* increment.png in Resources */,
				9FC79EF61FDA96D80011D335 /* drumandbass_clap.wav in Resources */,
				9FC79F031FDA96E90011D335 /* electro_closedhat.wav in Resources */,
				9FC79F071FDA96E90011D335 /* electro_snare.wav in Resources */,
				9FC79EFB1FDA96D80011D335 /* drumandbass_snare.wav in Resources */,
				9FC79F251FDA97080011D335 /* hiphop_snare.wav in Resources */,
				9FC79F401FDA972E0011D335 /* nslogic launchscreen.png in Resources */,
				9FC79F3A1FDA972E0011D335 /* nslogic app icon transparent with drop shadow.png in Resources */,
				9FC79F051FDA96E90011D335 /* electro_kick.wav in Resources */,
				9FC79F231FDA97080011D335 /* hiphop_kick.wav in Resources */,
				9FC79F371FDA972E0011D335 /* decrement.png in Resources */,
				9FC79F3D1FDA972E0011D335 /* nslogic app icon with drop shadow.png in Resources */,
				9FC79F211FDA97080011D335 /* hiphop_closedhat.wav in Resources */,
				9FC79F391FDA972E0011D335 /* nslogic app icon black glyph.png in Resources */,
				9FC79F161FDA96FC0011D335 /* dubstep_crash.wav in Resources */,
				9FC79F361FDA972E0011D335 /* clear.png in Resources */,
				9FC79F421FDA972E0011D335 /* play.png in Resources */,
				9FC79F191FDA96FC0011D335 /* dubstep_snare.wav in Resources */,
				9FC79F201FDA97080011D335 /* hiphop_clap.wav in Resources */,
				9FC79F151FDA96FC0011D335 /* dubstep_closedhat.wav in Resources */,
			);
			runOnlyForDeploymentPostprocessing = 0;
		};
		9F9422FE1FC49B7100CDC201 /* Resources */ = {
			isa = PBXResourcesBuildPhase;
			buildActionMask = 2147483647;
			files = (
			);
			runOnlyForDeploymentPostprocessing = 0;
		};
		9F9423091FC49B7100CDC201 /* Resources */ = {
			isa = PBXResourcesBuildPhase;
			buildActionMask = 2147483647;
			files = (
			);
			runOnlyForDeploymentPostprocessing = 0;
		};
/* End PBXResourcesBuildPhase section */

/* Begin PBXSourcesBuildPhase section */
		9F9422E31FC49B7100CDC201 /* Sources */ = {
			isa = PBXSourcesBuildPhase;
			buildActionMask = 2147483647;
			files = (
				9F9422F21FC49B7100CDC201 /* ViewController.m in Sources */,
				9F5D422F1FC743E80028C4DC /* DataModel.m in Sources */,
				9F9422EF1FC49B7100CDC201 /* AppDelegate.m in Sources */,
				9F25BCD61FD72AE80067D82E /* TableViewController.m in Sources */,
				9F9422EC1FC49B7100CDC201 /* main.m in Sources */,
				9FC79EEF1FDA969A0011D335 /* SampleStyle.m in Sources */,
			);
			runOnlyForDeploymentPostprocessing = 0;
		};
		9F9422FC1FC49B7100CDC201 /* Sources */ = {
			isa = PBXSourcesBuildPhase;
			buildActionMask = 2147483647;
			files = (
				9F9423051FC49B7100CDC201 /* Sequencerv2Tests.m in Sources */,
			);
			runOnlyForDeploymentPostprocessing = 0;
		};
		9F9423071FC49B7100CDC201 /* Sources */ = {
			isa = PBXSourcesBuildPhase;
			buildActionMask = 2147483647;
			files = (
				9F9423101FC49B7100CDC201 /* Sequencerv2UITests.m in Sources */,
			);
			runOnlyForDeploymentPostprocessing = 0;
		};
/* End PBXSourcesBuildPhase section */

/* Begin PBXTargetDependency section */
		9F9423021FC49B7100CDC201 /* PBXTargetDependency */ = {
			isa = PBXTargetDependency;
			target = 9F9422E61FC49B7100CDC201 /* Sequencerv2 */;
			targetProxy = 9F9423011FC49B7100CDC201 /* PBXContainerItemProxy */;
		};
		9F94230D1FC49B7100CDC201 /* PBXTargetDependency */ = {
			isa = PBXTargetDependency;
			target = 9F9422E61FC49B7100CDC201 /* Sequencerv2 */;
			targetProxy = 9F94230C1FC49B7100CDC201 /* PBXContainerItemProxy */;
		};
/* End PBXTargetDependency section */

/* Begin PBXVariantGroup section */
		9F9422F31FC49B7100CDC201 /* Main.storyboard */ = {
			isa = PBXVariantGroup;
			children = (
				9F9422F41FC49B7100CDC201 /* Base */,
			);
			name = Main.storyboard;
			sourceTree = "<group>";
		};
		9F9422F81FC49B7100CDC201 /* LaunchScreen.storyboard */ = {
			isa = PBXVariantGroup;
			children = (
				9F9422F91FC49B7100CDC201 /* Base */,
			);
			name = LaunchScreen.storyboard;
			sourceTree = "<group>";
		};
/* End PBXVariantGroup section */

/* Begin XCBuildConfiguration section */
		9F9423121FC49B7100CDC201 /* Debug */ = {
			isa = XCBuildConfiguration;
			buildSettings = {
				ALWAYS_SEARCH_USER_PATHS = NO;
				CLANG_ANALYZER_NONNULL = YES;
				CLANG_CXX_LANGUAGE_STANDARD = "gnu++0x";
				CLANG_CXX_LIBRARY = "libc++";
				CLANG_ENABLE_MODULES = YES;
				CLANG_ENABLE_OBJC_ARC = YES;
				CLANG_WARN_BOOL_CONVERSION = YES;
				CLANG_WARN_CONSTANT_CONVERSION = YES;
				CLANG_WARN_DIRECT_OBJC_ISA_USAGE = YES_ERROR;
				CLANG_WARN_DOCUMENTATION_COMMENTS = YES;
				CLANG_WARN_EMPTY_BODY = YES;
				CLANG_WARN_ENUM_CONVERSION = YES;
				CLANG_WARN_INFINITE_RECURSION = YES;
				CLANG_WARN_INT_CONVERSION = YES;
				CLANG_WARN_OBJC_ROOT_CLASS = YES_ERROR;
				CLANG_WARN_SUSPICIOUS_MOVES = YES;
				CLANG_WARN_UNREACHABLE_CODE = YES;
				CLANG_WARN__DUPLICATE_METHOD_MATCH = YES;
				"CODE_SIGN_IDENTITY[sdk=iphoneos*]" = "iPhone Developer";
				COPY_PHASE_STRIP = NO;
				DEBUG_INFORMATION_FORMAT = dwarf;
				ENABLE_STRICT_OBJC_MSGSEND = YES;
				ENABLE_TESTABILITY = YES;
				GCC_C_LANGUAGE_STANDARD = gnu99;
				GCC_DYNAMIC_NO_PIC = NO;
				GCC_NO_COMMON_BLOCKS = YES;
				GCC_OPTIMIZATION_LEVEL = 0;
				GCC_PREPROCESSOR_DEFINITIONS = (
					"DEBUG=1",
					"$(inherited)",
				);
				GCC_WARN_64_TO_32_BIT_CONVERSION = YES;
				GCC_WARN_ABOUT_RETURN_TYPE = YES_ERROR;
				GCC_WARN_UNDECLARED_SELECTOR = YES;
				GCC_WARN_UNINITIALIZED_AUTOS = YES_AGGRESSIVE;
				GCC_WARN_UNUSED_FUNCTION = YES;
				GCC_WARN_UNUSED_VARIABLE = YES;
				IPHONEOS_DEPLOYMENT_TARGET = 10.0;
				MTL_ENABLE_DEBUG_INFO = YES;
				ONLY_ACTIVE_ARCH = YES;
				SDKROOT = iphoneos;
				TARGETED_DEVICE_FAMILY = "1,2";
			};
			name = Debug;
		};
		9F9423131FC49B7100CDC201 /* Release */ = {
			isa = XCBuildConfiguration;
			buildSettings = {
				ALWAYS_SEARCH_USER_PATHS = NO;
				CLANG_ANALYZER_NONNULL = YES;
				CLANG_CXX_LANGUAGE_STANDARD = "gnu++0x";
				CLANG_CXX_LIBRARY = "libc++";
				CLANG_ENABLE_MODULES = YES;
				CLANG_ENABLE_OBJC_ARC = YES;
				CLANG_WARN_BOOL_CONVERSION = YES;
				CLANG_WARN_CONSTANT_CONVERSION = YES;
				CLANG_WARN_DIRECT_OBJC_ISA_USAGE = YES_ERROR;
				CLANG_WARN_DOCUMENTATION_COMMENTS = YES;
				CLANG_WARN_EMPTY_BODY = YES;
				CLANG_WARN_ENUM_CONVERSION = YES;
				CLANG_WARN_INFINITE_RECURSION = YES;
				CLANG_WARN_INT_CONVERSION = YES;
				CLANG_WARN_OBJC_ROOT_CLASS = YES_ERROR;
				CLANG_WARN_SUSPICIOUS_MOVES = YES;
				CLANG_WARN_UNREACHABLE_CODE = YES;
				CLANG_WARN__DUPLICATE_METHOD_MATCH = YES;
				"CODE_SIGN_IDENTITY[sdk=iphoneos*]" = "iPhone Developer";
				COPY_PHASE_STRIP = NO;
				DEBUG_INFORMATION_FORMAT = "dwarf-with-dsym";
				ENABLE_NS_ASSERTIONS = NO;
				ENABLE_STRICT_OBJC_MSGSEND = YES;
				GCC_C_LANGUAGE_STANDARD = gnu99;
				GCC_NO_COMMON_BLOCKS = YES;
				GCC_WARN_64_TO_32_BIT_CONVERSION = YES;
				GCC_WARN_ABOUT_RETURN_TYPE = YES_ERROR;
				GCC_WARN_UNDECLARED_SELECTOR = YES;
				GCC_WARN_UNINITIALIZED_AUTOS = YES_AGGRESSIVE;
				GCC_WARN_UNUSED_FUNCTION = YES;
				GCC_WARN_UNUSED_VARIABLE = YES;
				IPHONEOS_DEPLOYMENT_TARGET = 10.0;
				MTL_ENABLE_DEBUG_INFO = NO;
				SDKROOT = iphoneos;
				TARGETED_DEVICE_FAMILY = "1,2";
				VALIDATE_PRODUCT = YES;
			};
			name = Release;
		};
		9F9423151FC49B7100CDC201 /* Debug */ = {
			isa = XCBuildConfiguration;
			buildSettings = {
				ASSETCATALOG_COMPILER_APPICON_NAME = AppIcon;
				INFOPLIST_FILE = Sequencerv2/Info.plist;
				LD_RUNPATH_SEARCH_PATHS = "$(inherited) @executable_path/Frameworks";
				PRODUCT_BUNDLE_IDENTIFIER = uk.ac.leeds.Sequencerv2;
				PRODUCT_NAME = "$(TARGET_NAME)";
				TARGETED_DEVICE_FAMILY = 1;
			};
			name = Debug;
		};
		9F9423161FC49B7100CDC201 /* Release */ = {
			isa = XCBuildConfiguration;
			buildSettings = {
				ASSETCATALOG_COMPILER_APPICON_NAME = AppIcon;
				INFOPLIST_FILE = Sequencerv2/Info.plist;
				LD_RUNPATH_SEARCH_PATHS = "$(inherited) @executable_path/Frameworks";
				PRODUCT_BUNDLE_IDENTIFIER = uk.ac.leeds.Sequencerv2;
				PRODUCT_NAME = "$(TARGET_NAME)";
				TARGETED_DEVICE_FAMILY = 1;
			};
			name = Release;
		};
		9F9423181FC49B7100CDC201 /* Debug */ = {
			isa = XCBuildConfiguration;
			buildSettings = {
				BUNDLE_LOADER = "$(TEST_HOST)";
				INFOPLIST_FILE = Sequencerv2Tests/Info.plist;
				LD_RUNPATH_SEARCH_PATHS = "$(inherited) @executable_path/Frameworks @loader_path/Frameworks";
				PRODUCT_BUNDLE_IDENTIFIER = uk.ac.leeds.Sequencerv2Tests;
				PRODUCT_NAME = "$(TARGET_NAME)";
				TEST_HOST = "$(BUILT_PRODUCTS_DIR)/Sequencerv2.app/Sequencerv2";
			};
			name = Debug;
		};
		9F9423191FC49B7100CDC201 /* Release */ = {
			isa = XCBuildConfiguration;
			buildSettings = {
				BUNDLE_LOADER = "$(TEST_HOST)";
				INFOPLIST_FILE = Sequencerv2Tests/Info.plist;
				LD_RUNPATH_SEARCH_PATHS = "$(inherited) @executable_path/Frameworks @loader_path/Frameworks";
				PRODUCT_BUNDLE_IDENTIFIER = uk.ac.leeds.Sequencerv2Tests;
				PRODUCT_NAME = "$(TARGET_NAME)";
				TEST_HOST = "$(BUILT_PRODUCTS_DIR)/Sequencerv2.app/Sequencerv2";
			};
			name = Release;
		};
		9F94231B1FC49B7100CDC201 /* Debug */ = {
			isa = XCBuildConfiguration;
			buildSettings = {
				INFOPLIST_FILE = Sequencerv2UITests/Info.plist;
				LD_RUNPATH_SEARCH_PATHS = "$(inherited) @executable_path/Frameworks @loader_path/Frameworks";
				PRODUCT_BUNDLE_IDENTIFIER = uk.ac.leeds.Sequencerv2UITests;
				PRODUCT_NAME = "$(TARGET_NAME)";
				TEST_TARGET_NAME = Sequencerv2;
			};
			name = Debug;
		};
		9F94231C1FC49B7100CDC201 /* Release */ = {
			isa = XCBuildConfiguration;
			buildSettings = {
				INFOPLIST_FILE = Sequencerv2UITests/Info.plist;
				LD_RUNPATH_SEARCH_PATHS = "$(inherited) @executable_path/Frameworks @loader_path/Frameworks";
				PRODUCT_BUNDLE_IDENTIFIER = uk.ac.leeds.Sequencerv2UITests;
				PRODUCT_NAME = "$(TARGET_NAME)";
				TEST_TARGET_NAME = Sequencerv2;
			};
			name = Release;
		};
/* End XCBuildConfiguration section */

/* Begin XCConfigurationList section */
		9F9422E21FC49B7100CDC201 /* Build configuration list for PBXProject "Sequencerv2" */ = {
			isa = XCConfigurationList;
			buildConfigurations = (
				9F9423121FC49B7100CDC201 /* Debug */,
				9F9423131FC49B7100CDC201 /* Release */,
			);
			defaultConfigurationIsVisible = 0;
			defaultConfigurationName = Release;
		};
		9F9423141FC49B7100CDC201 /* Build configuration list for PBXNativeTarget "Sequencerv2" */ = {
			isa = XCConfigurationList;
			buildConfigurations = (
				9F9423151FC49B7100CDC201 /* Debug */,
				9F9423161FC49B7100CDC201 /* Release */,
			);
			defaultConfigurationIsVisible = 0;
			defaultConfigurationName = Release;
		};
		9F9423171FC49B7100CDC201 /* Build configuration list for PBXNativeTarget "Sequencerv2Tests" */ = {
			isa = XCConfigurationList;
			buildConfigurations = (
				9F9423181FC49B7100CDC201 /* Debug */,
				9F9423191FC49B7100CDC201 /* Release */,
			);
			defaultConfigurationIsVisible = 0;
			defaultConfigurationName = Release;
		};
		9F94231A1FC49B7100CDC201 /* Build configuration list for PBXNativeTarget "Sequencerv2UITests" */ = {
			isa = XCConfigurationList;
			buildConfigurations = (
				9F94231B1FC49B7100CDC201 /* Debug */,
				9F94231C1FC49B7100CDC201 /* Release */,
			);
			defaultConfigurationIsVisible = 0;
			defaultConfigurationName = Release;
		};
/* End XCConfigurationList section */
	};
	rootObject = 9F9422DF1FC49B7100CDC201 /* Project object */;
}
